
Microsoft Visual Studio Solution File, Format Version 12.00
Project("{FAE04EC0-301F-11D3-BF4B-00C04F79EFBC}") = "HybridCache.Serializers.MemoryPack", "src\HybridCache.Serializers.MemoryPack\HybridCache.Serializers.MemoryPack.csproj", "{0DA83091-BC18-4475-A391-6A1FACB5780D}"
EndProject
Project("{FAE04EC0-301F-11D3-BF4B-00C04F79EFBC}") = "HybridCache.Serializers.ProtobufNet", "src\HybridCache.Serializers.ProtobufNet\HybridCache.Serializers.ProtobufNet.csproj", "{73D7E424-89F6-473B-BE50-67B4E742B699}"
EndProject
Project("{FAE04EC0-301F-11D3-BF4B-00C04F79EFBC}") = "HybridCache.Serializers.MessagePack", "src\HybridCache.Serializers.MessagePack\HybridCache.Serializers.MessagePack.csproj", "{9CF62ED5-42A5-4013-8111-AC71DBC4F146}"
EndProject
Project("{FAE04EC0-301F-11D3-BF4B-00C04F79EFBC}") = "HybridCache.Serializers.Tests.Shared", "tests\HybridCache.Serializers.Tests.Shared\HybridCache.Serializers.Tests.Shared.csproj", "{3062AF7A-408F-4741-AD5B-4270BFA31E14}"
EndProject
Global
	GlobalSection(SolutionConfigurationPlatforms) = preSolution
		Debug|Any CPU = Debug|Any CPU
		Release|Any CPU = Release|Any CPU
	EndGlobalSection
	GlobalSection(ProjectConfigurationPlatforms) = postSolution
		{0DA83091-BC18-4475-A391-6A1FACB5780D}.Debug|Any CPU.ActiveCfg = Debug|Any CPU
		{0DA83091-BC18-4475-A391-6A1FACB5780D}.Debug|Any CPU.Build.0 = Debug|Any CPU
		{0DA83091-BC18-4475-A391-6A1FACB5780D}.Release|Any CPU.ActiveCfg = Release|Any CPU
		{0DA83091-BC18-4475-A391-6A1FACB5780D}.Release|Any CPU.Build.0 = Release|Any CPU
		{73D7E424-89F6-473B-BE50-67B4E742B699}.Debug|Any CPU.ActiveCfg = Debug|Any CPU
		{73D7E424-89F6-473B-BE50-67B4E742B699}.Debug|Any CPU.Build.0 = Debug|Any CPU
		{73D7E424-89F6-473B-BE50-67B4E742B699}.Release|Any CPU.ActiveCfg = Release|Any CPU
		{73D7E424-89F6-473B-BE50-67B4E742B699}.Release|Any CPU.Build.0 = Release|Any CPU
		{9CF62ED5-42A5-4013-8111-AC71DBC4F146}.Debug|Any CPU.ActiveCfg = Debug|Any CPU
		{9CF62ED5-42A5-4013-8111-AC71DBC4F146}.Debug|Any CPU.Build.0 = Debug|Any CPU
		{9CF62ED5-42A5-4013-8111-AC71DBC4F146}.Release|Any CPU.ActiveCfg = Release|Any CPU
		{9CF62ED5-42A5-4013-8111-AC71DBC4F146}.Release|Any CPU.Build.0 = Release|Any CPU
		{3062AF7A-408F-4741-AD5B-4270BFA31E14}.Debug|Any CPU.ActiveCfg = Debug|Any CPU
		{3062AF7A-408F-4741-AD5B-4270BFA31E14}.Debug|Any CPU.Build.0 = Debug|Any CPU
		{3062AF7A-408F-4741-AD5B-4270BFA31E14}.Release|Any CPU.ActiveCfg = Release|Any CPU
		{3062AF7A-408F-4741-AD5B-4270BFA31E14}.Release|Any CPU.Build.0 = Release|Any CPU
	EndGlobalSection
EndGlobal
